<?xml version="1.0" encoding="utf-8"?>
<Project ToolsVersion="4.0" xmlns="http://schemas.microsoft.com/developer/msbuild/2003">
  <ItemGroup>
    <ClCompile Include="Category.cpp">
      <Filter>Model</Filter>
    </ClCompile>
    <ClCompile Include="NormalTransaction.cpp">
      <Filter>Model</Filter>
    </ClCompile>
    <ClCompile Include="RecurringTransaction.cpp">
      <Filter>Model</Filter>
    </ClCompile>
    <ClCompile Include="Time.cpp">
      <Filter>Model</Filter>
    </ClCompile>
    <ClCompile Include="Transaction.cpp">
      <Filter>Model</Filter>
    </ClCompile>
    <ClCompile Include="User.cpp">
      <Filter>Model</Filter>
    </ClCompile>
    <ClCompile Include="Application.cpp" />
    <ClCompile Include="CategoryController.cpp">
      <Filter>Controller</Filter>
    </ClCompile>
    <ClCompile Include="TransactionController.cpp">
      <Filter>Controller</Filter>
    </ClCompile>
    <ClCompile Include="ReportController.cpp">
      <Filter>Controller</Filter>
    </ClCompile>
    <ClCompile Include="ConsoleIO.cpp">
      <Filter>Extra files</Filter>
    </ClCompile>
    <ClCompile Include="pch.cpp">
      <Filter>Extra files</Filter>
    </ClCompile>
    <ClCompile Include="EncryptDecrypt.cpp">
      <Filter>Extra files</Filter>
    </ClCompile>
    <ClCompile Include="DataConverter.cpp">
      <Filter>Extra files</Filter>
    </ClCompile>
    <ClCompile Include="Authorization.cpp">
      <Filter>Extra files</Filter>
    </ClCompile>
    <ClCompile Include="Menu.cpp">
      <Filter>Controller</Filter>
    </ClCompile>
    <ClCompile Include="RecurringProcess.cpp" />
  </ItemGroup>
  <ItemGroup>
    <ClInclude Include="User.h">
      <Filter>Header files</Filter>
    </ClInclude>
    <ClInclude Include="Transaction.h">
      <Filter>Header files</Filter>
    </ClInclude>
    <ClInclude Include="Time.h">
      <Filter>Header files</Filter>
    </ClInclude>
    <ClInclude Include="RecurringTransaction.h">
      <Filter>Header files</Filter>
    </ClInclude>
    <ClInclude Include="pch.h">
      <Filter>Header files</Filter>
    </ClInclude>
    <ClInclude Include="Menu.h">
      <Filter>Header files</Filter>
    </ClInclude>
    <ClInclude Include="EncryptDecrypt.h">
      <Filter>Header files</Filter>
    </ClInclude>
    <ClInclude Include="DataConverter.h">
      <Filter>Header files</Filter>
    </ClInclude>
    <ClInclude Include="CategoryController.h">
      <Filter>Header files</Filter>
    </ClInclude>
    <ClInclude Include="Category.h">
      <Filter>Header files</Filter>
    </ClInclude>
    <ClInclude Include="Authorization.h">
      <Filter>Header files</Filter>
    </ClInclude>
    <ClInclude Include="NormalTransaction.h">
      <Filter>Header files</Filter>
    </ClInclude>
    <ClInclude Include="CppConsoleTable.hpp">
      <Filter>Extra files</Filter>
    </ClInclude>
    <ClInclude Include="json.hpp">
      <Filter>Extra files</Filter>
    </ClInclude>
    <ClInclude Include="TransactionController.h">
      <Filter>Header files</Filter>
    </ClInclude>
    <ClInclude Include="ReportController.h">
      <Filter>Header files</Filter>
    </ClInclude>
    <ClInclude Include="ConsoleIO.h">
      <Filter>Header files</Filter>
    </ClInclude>
    <ClInclude Include="InputTypes.h">
      <Filter>Header files</Filter>
    </ClInclude>
    <ClInclude Include="RepeatType.h">
      <Filter>Header files</Filter>
    </ClInclude>
    <ClInclude Include="RecurringProcess.h" />
  </ItemGroup>
  <ItemGroup>
    <Filter Include="Header files">
      <UniqueIdentifier>{7731fb31-0ff8-4f79-9c50-e46a49d1b6a6}</UniqueIdentifier>
    </Filter>
    <Filter Include="Extra files">
      <UniqueIdentifier>{e843899e-3c6d-4664-9111-6cf413c06f03}</UniqueIdentifier>
    </Filter>
    <Filter Include="Controller">
      <UniqueIdentifier>{0bd1511b-5942-44d1-80eb-c50824a8aa68}</UniqueIdentifier>
    </Filter>
    <Filter Include="Model">
      <UniqueIdentifier>{8ad696fe-9d77-42b2-bc68-fe1dd6728b6b}</UniqueIdentifier>
    </Filter>
  </ItemGroup>
</Project>